
Microsoft Visual Studio Solution File, Format Version 12.00
# Visual Studio Version 17
VisualStudioVersion = 17.5.002.0
MinimumVisualStudioVersion = 10.0.40219.1
Project("{9A19103F-16F7-4668-BE54-9A1E7A4F7556}") = "ProducrManagmentAPI.Application", "ProducrManagmentAPI.Application\ProducrManagmentAPI.Application.csproj", "{0B397C5E-574C-45C5-85AB-5642942D3BC7}"
EndProject
Project("{9A19103F-16F7-4668-BE54-9A1E7A4F7556}") = "ProducrManagmentAPI.Application.Contracts", "ProducrManagmentAPI.Application.Contracts\ProducrManagmentAPI.Application.Contracts.csproj", "{6A498239-BC7D-4659-93DC-2211583525B0}"
EndProject
Project("{9A19103F-16F7-4668-BE54-9A1E7A4F7556}") = "ProducrManagmentAPI.DbMigrator", "ProducrManagmentAPI.DbMigrator\ProducrManagmentAPI.DbMigrator.csproj", "{D5286894-CFEA-42A0-A2B3-E55B3061914F}"
EndProject
Project("{9A19103F-16F7-4668-BE54-9A1E7A4F7556}") = "ProducrManagmentAPI.Domain", "ProducrManagmentAPI.Domain\ProducrManagmentAPI.Domain.csproj", "{1B9BAAC9-25EC-4BBB-A1A3-AD0C0C549625}"
EndProject
Project("{9A19103F-16F7-4668-BE54-9A1E7A4F7556}") = "ProducrManagmentAPI.Domain.Shared", "ProducrManagmentAPI.Domain.Shared\ProducrManagmentAPI.Domain.Shared.csproj", "{8003BAA8-D017-4C9D-8647-DBE726E7F758}"
EndProject
Project("{9A19103F-16F7-4668-BE54-9A1E7A4F7556}") = "ProducrManagmentAPI.EntityFrameworkCore", "ProducrManagmentAPI.EntityFrameworkCore\ProducrManagmentAPI.EntityFrameworkCore.csproj", "{D1C5FE6E-827D-4FFF-9028-C5F64576E746}"
EndProject
Project("{9A19103F-16F7-4668-BE54-9A1E7A4F7556}") = "ProducrManagmentAPI.HttpApi", "ProducrManagmentAPI.HttpApi\ProducrManagmentAPI.HttpApi.csproj", "{0432CB72-F6DB-46B2-911D-A4B3BA9DBE36}"
EndProject
Project("{9A19103F-16F7-4668-BE54-9A1E7A4F7556}") = "ProducrManagmentAPI.HttpApi.Client", "ProducrManagmentAPI.HttpApi.Client\ProducrManagmentAPI.HttpApi.Client.csproj", "{3BA30EE3-641B-4E6E-B48A-FAC4311C0A51}"
EndProject
Project("{9A19103F-16F7-4668-BE54-9A1E7A4F7556}") = "ProducrManagmentAPI.HttpApi.Host", "ProducrManagmentAPI.HttpApi.Host\ProducrManagmentAPI.HttpApi.Host.csproj", "{77967409-C3D4-47BD-A166-DB32A63B6FB1}"
EndProject
Global
	GlobalSection(SolutionConfigurationPlatforms) = preSolution
		Debug|Any CPU = Debug|Any CPU
		Release|Any CPU = Release|Any CPU
	EndGlobalSection
	GlobalSection(ProjectConfigurationPlatforms) = postSolution
		{0B397C5E-574C-45C5-85AB-5642942D3BC7}.Debug|Any CPU.ActiveCfg = Debug|Any CPU
		{0B397C5E-574C-45C5-85AB-5642942D3BC7}.Debug|Any CPU.Build.0 = Debug|Any CPU
		{0B397C5E-574C-45C5-85AB-5642942D3BC7}.Release|Any CPU.ActiveCfg = Release|Any CPU
		{0B397C5E-574C-45C5-85AB-5642942D3BC7}.Release|Any CPU.Build.0 = Release|Any CPU
		{6A498239-BC7D-4659-93DC-2211583525B0}.Debug|Any CPU.ActiveCfg = Debug|Any CPU
		{6A498239-BC7D-4659-93DC-2211583525B0}.Debug|Any CPU.Build.0 = Debug|Any CPU
		{6A498239-BC7D-4659-93DC-2211583525B0}.Release|Any CPU.ActiveCfg = Release|Any CPU
		{6A498239-BC7D-4659-93DC-2211583525B0}.Release|Any CPU.Build.0 = Release|Any CPU
		{D5286894-CFEA-42A0-A2B3-E55B3061914F}.Debug|Any CPU.ActiveCfg = Debug|Any CPU
		{D5286894-CFEA-42A0-A2B3-E55B3061914F}.Debug|Any CPU.Build.0 = Debug|Any CPU
		{D5286894-CFEA-42A0-A2B3-E55B3061914F}.Release|Any CPU.ActiveCfg = Release|Any CPU
		{D5286894-CFEA-42A0-A2B3-E55B3061914F}.Release|Any CPU.Build.0 = Release|Any CPU
		{1B9BAAC9-25EC-4BBB-A1A3-AD0C0C549625}.Debug|Any CPU.ActiveCfg = Debug|Any CPU
		{1B9BAAC9-25EC-4BBB-A1A3-AD0C0C549625}.Debug|Any CPU.Build.0 = Debug|Any CPU
		{1B9BAAC9-25EC-4BBB-A1A3-AD0C0C549625}.Release|Any CPU.ActiveCfg = Release|Any CPU
		{1B9BAAC9-25EC-4BBB-A1A3-AD0C0C549625}.Release|Any CPU.Build.0 = Release|Any CPU
		{8003BAA8-D017-4C9D-8647-DBE726E7F758}.Debug|Any CPU.ActiveCfg = Debug|Any CPU
		{8003BAA8-D017-4C9D-8647-DBE726E7F758}.Debug|Any CPU.Build.0 = Debug|Any CPU
		{8003BAA8-D017-4C9D-8647-DBE726E7F758}.Release|Any CPU.ActiveCfg = Release|Any CPU
		{8003BAA8-D017-4C9D-8647-DBE726E7F758}.Release|Any CPU.Build.0 = Release|Any CPU
		{D1C5FE6E-827D-4FFF-9028-C5F64576E746}.Debug|Any CPU.ActiveCfg = Debug|Any CPU
		{D1C5FE6E-827D-4FFF-9028-C5F64576E746}.Debug|Any CPU.Build.0 = Debug|Any CPU
		{D1C5FE6E-827D-4FFF-9028-C5F64576E746}.Release|Any CPU.ActiveCfg = Release|Any CPU
		{D1C5FE6E-827D-4FFF-9028-C5F64576E746}.Release|Any CPU.Build.0 = Release|Any CPU
		{0432CB72-F6DB-46B2-911D-A4B3BA9DBE36}.Debug|Any CPU.ActiveCfg = Debug|Any CPU
		{0432CB72-F6DB-46B2-911D-A4B3BA9DBE36}.Debug|Any CPU.Build.0 = Debug|Any CPU
		{0432CB72-F6DB-46B2-911D-A4B3BA9DBE36}.Release|Any CPU.ActiveCfg = Release|Any CPU
		{0432CB72-F6DB-46B2-911D-A4B3BA9DBE36}.Release|Any CPU.Build.0 = Release|Any CPU
		{3BA30EE3-641B-4E6E-B48A-FAC4311C0A51}.Debug|Any CPU.ActiveCfg = Debug|Any CPU
		{3BA30EE3-641B-4E6E-B48A-FAC4311C0A51}.Debug|Any CPU.Build.0 = Debug|Any CPU
		{3BA30EE3-641B-4E6E-B48A-FAC4311C0A51}.Release|Any CPU.ActiveCfg = Release|Any CPU
		{3BA30EE3-641B-4E6E-B48A-FAC4311C0A51}.Release|Any CPU.Build.0 = Release|Any CPU
		{77967409-C3D4-47BD-A166-DB32A63B6FB1}.Debug|Any CPU.ActiveCfg = Debug|Any CPU
		{77967409-C3D4-47BD-A166-DB32A63B6FB1}.Debug|Any CPU.Build.0 = Debug|Any CPU
		{77967409-C3D4-47BD-A166-DB32A63B6FB1}.Release|Any CPU.ActiveCfg = Release|Any CPU
		{77967409-C3D4-47BD-A166-DB32A63B6FB1}.Release|Any CPU.Build.0 = Release|Any CPU
	EndGlobalSection
	GlobalSection(SolutionProperties) = preSolution
		HideSolutionNode = FALSE
	EndGlobalSection
	GlobalSection(ExtensibilityGlobals) = postSolution
		SolutionGuid = {0A29063B-A65B-42F1-82EA-4DB6C527C823}
	EndGlobalSection
EndGlobal
